
Microsoft Visual Studio Solution File, Format Version 12.00
# Visual Studio Version 17
VisualStudioVersion = 17.8.34309.116
MinimumVisualStudioVersion = 10.0.40219.1
Project("{FAE04EC0-301F-11D3-BF4B-00C04F79EFBC}") = "WPFDemo", "WPFDemo\WPFDemo.csproj", "{A615B2C8-F2B1-45AB-8365-644C90C167B5}"
EndProject
Global
	GlobalSection(SolutionConfigurationPlatforms) = preSolution
		Debug|Any CPU = Debug|Any CPU
		Release|Any CPU = Release|Any CPU
	EndGlobalSection
	GlobalSection(ProjectConfigurationPlatforms) = postSolution
		{A615B2C8-F2B1-45AB-8365-644C90C167B5}.Debug|Any CPU.ActiveCfg = Debug|Any CPU
		{A615B2C8-F2B1-45AB-8365-644C90C167B5}.Debug|Any CPU.Build.0 = Debug|Any CPU
		{A615B2C8-F2B1-45AB-8365-644C90C167B5}.Release|Any CPU.ActiveCfg = Release|Any CPU
		{A615B2C8-F2B1-45AB-8365-644C90C167B5}.Release|Any CPU.Build.0 = Release|Any CPU
	EndGlobalSection
	GlobalSection(SolutionProperties) = preSolution
		HideSolutionNode = FALSE
	EndGlobalSection
	GlobalSection(ExtensibilityGlobals) = postSolution
		SolutionGuid = {F96122D1-A9D2-461D-A24B-97368B0FFDC3}
	EndGlobalSection
EndGlobal
